
Microsoft Visual Studio Solution File, Format Version 12.00
# Visual Studio Version 16
VisualStudioVersion = 16.0.31702.278
MinimumVisualStudioVersion = 10.0.40219.1
Project("{9A19103F-16F7-4668-BE54-9A1E7A4F7556}") = "CordingTest20210918", "CordingTest20210918\CordingTest20210918.csproj", "{C3461F85-783A-4122-A0BD-44BFBE55B30C}"
EndProject
Project("{FAE04EC0-301F-11D3-BF4B-00C04F79EFBC}") = "UnitTest", "UnitTest\UnitTest.csproj", "{1A5C5920-2CC0-4BBC-92C0-6195566EB542}"
EndProject
Global
	GlobalSection(SolutionConfigurationPlatforms) = preSolution
		Debug|Any CPU = Debug|Any CPU
		Release|Any CPU = Release|Any CPU
	EndGlobalSection
	GlobalSection(ProjectConfigurationPlatforms) = postSolution
		{C3461F85-783A-4122-A0BD-44BFBE55B30C}.Debug|Any CPU.ActiveCfg = Debug|Any CPU
		{C3461F85-783A-4122-A0BD-44BFBE55B30C}.Debug|Any CPU.Build.0 = Debug|Any CPU
		{C3461F85-783A-4122-A0BD-44BFBE55B30C}.Release|Any CPU.ActiveCfg = Release|Any CPU
		{C3461F85-783A-4122-A0BD-44BFBE55B30C}.Release|Any CPU.Build.0 = Release|Any CPU
		{1A5C5920-2CC0-4BBC-92C0-6195566EB542}.Debug|Any CPU.ActiveCfg = Debug|Any CPU
		{1A5C5920-2CC0-4BBC-92C0-6195566EB542}.Debug|Any CPU.Build.0 = Debug|Any CPU
		{1A5C5920-2CC0-4BBC-92C0-6195566EB542}.Release|Any CPU.ActiveCfg = Release|Any CPU
		{1A5C5920-2CC0-4BBC-92C0-6195566EB542}.Release|Any CPU.Build.0 = Release|Any CPU
	EndGlobalSection
	GlobalSection(SolutionProperties) = preSolution
		HideSolutionNode = FALSE
	EndGlobalSection
	GlobalSection(ExtensibilityGlobals) = postSolution
		SolutionGuid = {D26DD3DA-0C99-4D2A-944D-FAFBC5BE5DEB}
	EndGlobalSection
EndGlobal
